# This file is automatically @generated by Cargo.
# It is not intended for manual editing.
version = 3

[[package]]
name = "build_const"
version = "0.2.2"
source = "git+https://github.com/Hpmason/build_const#46c899a850d6b04a33f3086903ca232fea0ed107"

[[package]]
name = "byteorder"
version = "1.4.3"
source = "registry+https://github.com/rust-lang/crates.io-index"
checksum = "14c189c53d098945499cdfa7ecc63567cf3886b3332b312a5b4585d8d3a6a610"

[[package]]
name = "gba"
version = "0.5.0-alpha.0"
source = "git+https://github.com/rust-console/gba?branch=main#ec0ca7d804a2618a6f8ead8b174b2a2a8052ed2e"
dependencies = [
 "voladdress",
]

[[package]]
name = "gba-dvd"
version = "0.1.0"
dependencies = [
 "gba",
 "gba-image-macros",
 "voladdress",
]

[[package]]
name = "gba-image-macros"
version = "0.1.0"
source = "git+https://github.com/Hpmason/gba-image-macros#cae06f3b7e1a15f58da99919ee4a8460cf767b0b"
dependencies = [
 "build_const",
 "byteorder",
]

[[package]]
name = "voladdress"
version = "0.4.1"
source = "registry+https://github.com/rust-lang/crates.io-index"
checksum = "d23280453f5416b158b25e3031525a2972648ff1e069aa3f9de25251bc43418c"
